// !$*UTF8*$!
{
	archiveVersion = 1;
	classes = {
	};
	objectVersion = 50;
	objects = {

/* Begin PBXBuildFile section */
		94A3817D25FF7B5D00679134 /* AppDelegate.swift in Sources */ = {isa = PBXBuildFile; fileRef = 94A3817C25FF7B5D00679134 /* AppDelegate.swift */; };
		94A3817F25FF7B5D00679134 /* SceneDelegate.swift in Sources */ = {isa = PBXBuildFile; fileRef = 94A3817E25FF7B5D00679134 /* SceneDelegate.swift */; };
		94A3818125FF7B5D00679134 /* ContentView.swift in Sources */ = {isa = PBXBuildFile; fileRef = 94A3818025FF7B5D00679134 /* ContentView.swift */; };
		94A3818425FF7B5D00679134 /* Calculator.xcdatamodeld in Sources */ = {isa = PBXBuildFile; fileRef = 94A3818225FF7B5D00679134 /* Calculator.xcdatamodeld */; };
		94A3818625FF7B5E00679134 /* Assets.xcassets in Resources */ = {isa = PBXBuildFile; fileRef = 94A3818525FF7B5E00679134 /* Assets.xcassets */; };
		94A3818925FF7B5E00679134 /* Preview Assets.xcassets in Resources */ = {isa = PBXBuildFile; fileRef = 94A3818825FF7B5E00679134 /* Preview Assets.xcassets */; };
		94A3818C25FF7B5E00679134 /* LaunchScreen.storyboard in Resources */ = {isa = PBXBuildFile; fileRef = 94A3818A25FF7B5E00679134 /* LaunchScreen.storyboard */; };
		94F02F0B262D482F0077E60A /* MemoryItemView.swift in Sources */ = {isa = PBXBuildFile; fileRef = 94F02F0A262D482F0077E60A /* MemoryItemView.swift */; };
		94F02F0F262D4A7D0077E60A /* MemoryView.swift in Sources */ = {isa = PBXBuildFile; fileRef = 94F02F0E262D4A7D0077E60A /* MemoryView.swift */; };
		94F02F13262D594A0077E60A /* MemoryItem.swift in Sources */ = {isa = PBXBuildFile; fileRef = 94F02F12262D594A0077E60A /* MemoryItem.swift */; };
/* End PBXBuildFile section */

/* Begin PBXFileReference section */
		94A3817925FF7B5D00679134 /* Calculator.app */ = {isa = PBXFileReference; explicitFileType = wrapper.application; includeInIndex = 0; path = Calculator.app; sourceTree = BUILT_PRODUCTS_DIR; };
		94A3817C25FF7B5D00679134 /* AppDelegate.swift */ = {isa = PBXFileReference; lastKnownFileType = sourcecode.swift; path = AppDelegate.swift; sourceTree = "<group>"; };
		94A3817E25FF7B5D00679134 /* SceneDelegate.swift */ = {isa = PBXFileReference; lastKnownFileType = sourcecode.swift; path = SceneDelegate.swift; sourceTree = "<group>"; };
		94A3818025FF7B5D00679134 /* ContentView.swift */ = {isa = PBXFileReference; lastKnownFileType = sourcecode.swift; path = ContentView.swift; sourceTree = "<group>"; };
		94A3818325FF7B5D00679134 /* Calculator.xcdatamodel */ = {isa = PBXFileReference; lastKnownFileType = wrapper.xcdatamodel; path = Calculator.xcdatamodel; sourceTree = "<group>"; };
		94A3818525FF7B5E00679134 /* Assets.xcassets */ = {isa = PBXFileReference; lastKnownFileType = folder.assetcatalog; path = Assets.xcassets; sourceTree = "<group>"; };
		94A3818825FF7B5E00679134 /* Preview Assets.xcassets */ = {isa = PBXFileReference; lastKnownFileType = folder.assetcatalog; path = "Preview Assets.xcassets"; sourceTree = "<group>"; };
		94A3818B25FF7B5E00679134 /* Base */ = {isa = PBXFileReference; lastKnownFileType = file.storyboard; name = Base; path = Base.lproj/LaunchScreen.storyboard; sourceTree = "<group>"; };
		94A3818D25FF7B5E00679134 /* Info.plist */ = {isa = PBXFileReference; lastKnownFileType = text.plist.xml; path = Info.plist; sourceTree = "<group>"; };
		94F02F0A262D482F0077E60A /* MemoryItemView.swift */ = {isa = PBXFileReference; lastKnownFileType = sourcecode.swift; path = MemoryItemView.swift; sourceTree = "<group>"; };
		94F02F0E262D4A7D0077E60A /* MemoryView.swift */ = {isa = PBXFileReference; lastKnownFileType = sourcecode.swift; path = MemoryView.swift; sourceTree = "<group>"; };
		94F02F12262D594A0077E60A /* MemoryItem.swift */ = {isa = PBXFileReference; lastKnownFileType = sourcecode.swift; path = MemoryItem.swift; sourceTree = "<group>"; };
/* End PBXFileReference section */

/* Begin PBXFrameworksBuildPhase section */
		94A3817625FF7B5D00679134 /* Frameworks */ = {
			isa = PBXFrameworksBuildPhase;
			buildActionMask = 2147483647;
			files = (
			);
			runOnlyForDeploymentPostprocessing = 0;
		};
/* End PBXFrameworksBuildPhase section */

/* Begin PBXGroup section */
		94A3817025FF7B5D00679134 = {
			isa = PBXGroup;
			children = (
				94A3817B25FF7B5D00679134 /* Calculator */,
				94A3817A25FF7B5D00679134 /* Products */,
			);
			sourceTree = "<group>";
		};
		94A3817A25FF7B5D00679134 /* Products */ = {
			isa = PBXGroup;
			children = (
				94A3817925FF7B5D00679134 /* Calculator.app */,
			);
			name = Products;
			sourceTree = "<group>";
		};
		94A3817B25FF7B5D00679134 /* Calculator */ = {
			isa = PBXGroup;
			children = (
				94A3817C25FF7B5D00679134 /* AppDelegate.swift */,
				94A3817E25FF7B5D00679134 /* SceneDelegate.swift */,
				94A3818025FF7B5D00679134 /* ContentView.swift */,
				94F02F0A262D482F0077E60A /* MemoryItemView.swift */,
				94F02F0E262D4A7D0077E60A /* MemoryView.swift */,
				94F02F12262D594A0077E60A /* MemoryItem.swift */,
				94A3818525FF7B5E00679134 /* Assets.xcassets */,
				94A3818A25FF7B5E00679134 /* LaunchScreen.storyboard */,
				94A3818D25FF7B5E00679134 /* Info.plist */,
				94A3818225FF7B5D00679134 /* Calculator.xcdatamodeld */,
				94A3818725FF7B5E00679134 /* Preview Content */,
			);
			path = Calculator;
			sourceTree = "<group>";
		};
		94A3818725FF7B5E00679134 /* Preview Content */ = {
			isa = PBXGroup;
			children = (
				94A3818825FF7B5E00679134 /* Preview Assets.xcassets */,
			);
			path = "Preview Content";
			sourceTree = "<group>";
		};
/* End PBXGroup section */

/* Begin PBXNativeTarget section */
		94A3817825FF7B5D00679134 /* Calculator */ = {
			isa = PBXNativeTarget;
			buildConfigurationList = 94A3819025FF7B5E00679134 /* Build configuration list for PBXNativeTarget "Calculator" */;
			buildPhases = (
				94A3817525FF7B5D00679134 /* Sources */,
				94A3817625FF7B5D00679134 /* Frameworks */,
				94A3817725FF7B5D00679134 /* Resources */,
			);
			buildRules = (
			);
			dependencies = (
			);
			name = Calculator;
			productName = Calculator;
			productReference = 94A3817925FF7B5D00679134 /* Calculator.app */;
			productType = "com.apple.product-type.application";
		};
/* End PBXNativeTarget section */

/* Begin PBXProject section */
		94A3817125FF7B5D00679134 /* Project object */ = {
			isa = PBXProject;
			attributes = {
				LastSwiftUpdateCheck = 1240;
				LastUpgradeCheck = 1240;
				TargetAttributes = {
					94A3817825FF7B5D00679134 = {
						CreatedOnToolsVersion = 12.4;
					};
				};
			};
			buildConfigurationList = 94A3817425FF7B5D00679134 /* Build configuration list for PBXProject "Calculator" */;
			compatibilityVersion = "Xcode 9.3";
			developmentRegion = en;
			hasScannedForEncodings = 0;
			knownRegions = (
				en,
				Base,
			);
			mainGroup = 94A3817025FF7B5D00679134;
			productRefGroup = 94A3817A25FF7B5D00679134 /* Products */;
			projectDirPath = "";
			projectRoot = "";
			targets = (
				94A3817825FF7B5D00679134 /* Calculator */,
			);
		};
/* End PBXProject section */

/* Begin PBXResourcesBuildPhase section */
		94A3817725FF7B5D00679134 /* Resources */ = {
			isa = PBXResourcesBuildPhase;
			buildActionMask = 2147483647;
			files = (
				94A3818C25FF7B5E00679134 /* LaunchScreen.storyboard in Resources */,
				94A3818925FF7B5E00679134 /* Preview Assets.xcassets in Resources */,
				94A3818625FF7B5E00679134 /* Assets.xcassets in Resources */,
			);
			runOnlyForDeploymentPostprocessing = 0;
		};
/* End PBXResourcesBuildPhase section */

/* Begin PBXSourcesBuildPhase section */
		94A3817525FF7B5D00679134 /* Sources */ = {
			isa = PBXSourcesBuildPhase;
			buildActionMask = 2147483647;
			files = (
				94F02F0F262D4A7D0077E60A /* MemoryView.swift in Sources */,
				94F02F0B262D482F0077E60A /* MemoryItemView.swift in Sources */,
				94F02F13262D594A0077E60A /* MemoryItem.swift in Sources */,
				94A3817D25FF7B5D00679134 /* AppDelegate.swift in Sources */,
				94A3818425FF7B5D00679134 /* Calculator.xcdatamodeld in Sources */,
				94A3817F25FF7B5D00679134 /* SceneDelegate.swift in Sources */,
				94A3818125FF7B5D00679134 /* ContentView.swift in Sources */,
			);
			runOnlyForDeploymentPostprocessing = 0;
		};
/* End PBXSourcesBuildPhase section */

/* Begin PBXVariantGroup section */
		94A3818A25FF7B5E00679134 /* LaunchScreen.storyboard */ = {
			isa = PBXVariantGroup;
			children = (
				94A3818B25FF7B5E00679134 /* Base */,
			);
			name = LaunchScreen.storyboard;
			sourceTree = "<group>";
		};
/* End PBXVariantGroup section */

/* Begin XCBuildConfiguration section */
		94A3818E25FF7B5E00679134 /* Debug */ = {
			isa = XCBuildConfiguration;
			buildSettings = {
				ALWAYS_SEARCH_USER_PATHS = NO;
				CLANG_ANALYZER_NONNULL = YES;
				CLANG_ANALYZER_NUMBER_OBJECT_CONVERSION = YES_AGGRESSIVE;
				CLANG_CXX_LANGUAGE_STANDARD = "gnu++14";
				CLANG_CXX_LIBRARY = "libc++";
				CLANG_ENABLE_MODULES = YES;
				CLANG_ENABLE_OBJC_ARC = YES;
				CLANG_ENABLE_OBJC_WEAK = YES;
				CLANG_WARN_BLOCK_CAPTURE_AUTORELEASING = YES;
				CLANG_WARN_BOOL_CONVERSION = YES;
				CLANG_WARN_COMMA = YES;
				CLANG_WARN_CONSTANT_CONVERSION = YES;
				CLANG_WARN_DEPRECATED_OBJC_IMPLEMENTATIONS = YES;
				CLANG_WARN_DIRECT_OBJC_ISA_USAGE = YES_ERROR;
				CLANG_WARN_DOCUMENTATION_COMMENTS = YES;
				CLANG_WARN_EMPTY_BODY = YES;
				CLANG_WARN_ENUM_CONVERSION = YES;
				CLANG_WARN_INFINITE_RECURSION = YES;
				CLANG_WARN_INT_CONVERSION = YES;
				CLANG_WARN_NON_LITERAL_NULL_CONVERSION = YES;
				CLANG_WARN_OBJC_IMPLICIT_RETAIN_SELF = YES;
				CLANG_WARN_OBJC_LITERAL_CONVERSION = YES;
				CLANG_WARN_OBJC_ROOT_CLASS = YES_ERROR;
				CLANG_WARN_QUOTED_INCLUDE_IN_FRAMEWORK_HEADER = YES;
				CLANG_WARN_RANGE_LOOP_ANALYSIS = YES;
				CLANG_WARN_STRICT_PROTOTYPES = YES;
				CLANG_WARN_SUSPICIOUS_MOVE = YES;
				CLANG_WARN_UNGUARDED_AVAILABILITY = YES_AGGRESSIVE;
				CLANG_WARN_UNREACHABLE_CODE = YES;
				CLANG_WARN__DUPLICATE_METHOD_MATCH = YES;
				COPY_PHASE_STRIP = NO;
				DEBUG_INFORMATION_FORMAT = dwarf;
				ENABLE_STRICT_OBJC_MSGSEND = YES;
				ENABLE_TESTABILITY = YES;
				GCC_C_LANGUAGE_STANDARD = gnu11;
				GCC_DYNAMIC_NO_PIC = NO;
				GCC_NO_COMMON_BLOCKS = YES;
				GCC_OPTIMIZATION_LEVEL = 0;
				GCC_PREPROCESSOR_DEFINITIONS = (
					"DEBUG=1",
					"$(inherited)",
				);
				GCC_WARN_64_TO_32_BIT_CONVERSION = YES;
				GCC_WARN_ABOUT_RETURN_TYPE = YES_ERROR;
				GCC_WARN_UNDECLARED_SELECTOR = YES;
				GCC_WARN_UNINITIALIZED_AUTOS = YES_AGGRESSIVE;
				GCC_WARN_UNUSED_FUNCTION = YES;
				GCC_WARN_UNUSED_VARIABLE = YES;
				IPHONEOS_DEPLOYMENT_TARGET = 14.4;
				MTL_ENABLE_DEBUG_INFO = INCLUDE_SOURCE;
				MTL_FAST_MATH = YES;
				ONLY_ACTIVE_ARCH = YES;
				SDKROOT = iphoneos;
				SWIFT_ACTIVE_COMPILATION_CONDITIONS = DEBUG;
				SWIFT_OPTIMIZATION_LEVEL = "-Onone";
			};
			name = Debug;
		};
		94A3818F25FF7B5E00679134 /* Release */ = {
			isa = XCBuildConfiguration;
			buildSettings = {
				ALWAYS_SEARCH_USER_PATHS = NO;
				CLANG_ANALYZER_NONNULL = YES;
				CLANG_ANALYZER_NUMBER_OBJECT_CONVERSION = YES_AGGRESSIVE;
				CLANG_CXX_LANGUAGE_STANDARD = "gnu++14";
				CLANG_CXX_LIBRARY = "libc++";
				CLANG_ENABLE_MODULES = YES;
				CLANG_ENABLE_OBJC_ARC = YES;
				CLANG_ENABLE_OBJC_WEAK = YES;
				CLANG_WARN_BLOCK_CAPTURE_AUTORELEASING = YES;
				CLANG_WARN_BOOL_CONVERSION = YES;
				CLANG_WARN_COMMA = YES;
				CLANG_WARN_CONSTANT_CONVERSION = YES;
				CLANG_WARN_DEPRECATED_OBJC_IMPLEMENTATIONS = YES;
				CLANG_WARN_DIRECT_OBJC_ISA_USAGE = YES_ERROR;
				CLANG_WARN_DOCUMENTATION_COMMENTS = YES;
				CLANG_WARN_EMPTY_BODY = YES;
				CLANG_WARN_ENUM_CONVERSION = YES;
				CLANG_WARN_INFINITE_RECURSION = YES;
				CLANG_WARN_INT_CONVERSION = YES;
				CLANG_WARN_NON_LITERAL_NULL_CONVERSION = YES;
				CLANG_WARN_OBJC_IMPLICIT_RETAIN_SELF = YES;
				CLANG_WARN_OBJC_LITERAL_CONVERSION = YES;
				CLANG_WARN_OBJC_ROOT_CLASS = YES_ERROR;
				CLANG_WARN_QUOTED_INCLUDE_IN_FRAMEWORK_HEADER = YES;
				CLANG_WARN_RANGE_LOOP_ANALYSIS = YES;
				CLANG_WARN_STRICT_PROTOTYPES = YES;
				CLANG_WARN_SUSPICIOUS_MOVE = YES;
				CLANG_WARN_UNGUARDED_AVAILABILITY = YES_AGGRESSIVE;
				CLANG_WARN_UNREACHABLE_CODE = YES;
				CLANG_WARN__DUPLICATE_METHOD_MATCH = YES;
				COPY_PHASE_STRIP = NO;
				DEBUG_INFORMATION_FORMAT = "dwarf-with-dsym";
				ENABLE_NS_ASSERTIONS = NO;
				ENABLE_STRICT_OBJC_MSGSEND = YES;
				GCC_C_LANGUAGE_STANDARD = gnu11;
				GCC_NO_COMMON_BLOCKS = YES;
				GCC_WARN_64_TO_32_BIT_CONVERSION = YES;
				GCC_WARN_ABOUT_RETURN_TYPE = YES_ERROR;
				GCC_WARN_UNDECLARED_SELECTOR = YES;
				GCC_WARN_UNINITIALIZED_AUTOS = YES_AGGRESSIVE;
				GCC_WARN_UNUSED_FUNCTION = YES;
				GCC_WARN_UNUSED_VARIABLE = YES;
				IPHONEOS_DEPLOYMENT_TARGET = 14.4;
				MTL_ENABLE_DEBUG_INFO = NO;
				MTL_FAST_MATH = YES;
				SDKROOT = iphoneos;
				SWIFT_COMPILATION_MODE = wholemodule;
				SWIFT_OPTIMIZATION_LEVEL = "-O";
				VALIDATE_PRODUCT = YES;
			};
			name = Release;
		};
		94A3819125FF7B5E00679134 /* Debug */ = {
			isa = XCBuildConfiguration;
			buildSettings = {
				ASSETCATALOG_COMPILER_APPICON_NAME = AppIcon;
				ASSETCATALOG_COMPILER_GLOBAL_ACCENT_COLOR_NAME = AccentColor;
				CODE_SIGN_STYLE = Automatic;
				DEVELOPMENT_ASSET_PATHS = "\"Calculator/Preview Content\"";
				ENABLE_PREVIEWS = YES;
				INFOPLIST_FILE = Calculator/Info.plist;
				LD_RUNPATH_SEARCH_PATHS = (
					"$(inherited)",
					"@executable_path/Frameworks",
				);
				PRODUCT_BUNDLE_IDENTIFIER = "LAB-UAS.Calculator";
				PRODUCT_NAME = "$(TARGET_NAME)";
				SWIFT_VERSION = 5.0;
				TARGETED_DEVICE_FAMILY = "1,2";
			};
			name = Debug;
		};
		94A3819225FF7B5E00679134 /* Release */ = {
			isa = XCBuildConfiguration;
			buildSettings = {
				ASSETCATALOG_COMPILER_APPICON_NAME = AppIcon;
				ASSETCATALOG_COMPILER_GLOBAL_ACCENT_COLOR_NAME = AccentColor;
				CODE_SIGN_STYLE = Automatic;
				DEVELOPMENT_ASSET_PATHS = "\"Calculator/Preview Content\"";
				ENABLE_PREVIEWS = YES;
				INFOPLIST_FILE = Calculator/Info.plist;
				LD_RUNPATH_SEARCH_PATHS = (
					"$(inherited)",
					"@executable_path/Frameworks",
				);
				PRODUCT_BUNDLE_IDENTIFIER = "LAB-UAS.Calculator";
				PRODUCT_NAME = "$(TARGET_NAME)";
				SWIFT_VERSION = 5.0;
				TARGETED_DEVICE_FAMILY = "1,2";
			};
			name = Release;
		};
/* End XCBuildConfiguration section */

/* Begin XCConfigurationList section */
		94A3817425FF7B5D00679134 /* Build configuration list for PBXProject "Calculator" */ = {
			isa = XCConfigurationList;
			buildConfigurations = (
				94A3818E25FF7B5E00679134 /* Debug */,
				94A3818F25FF7B5E00679134 /* Release */,
			);
			defaultConfigurationIsVisible = 0;
			defaultConfigurationName = Release;
		};
		94A3819025FF7B5E00679134 /* Build configuration list for PBXNativeTarget "Calculator" */ = {
			isa = XCConfigurationList;
			buildConfigurations = (
				94A3819125FF7B5E00679134 /* Debug */,
				94A3819225FF7B5E00679134 /* Release */,
			);
			defaultConfigurationIsVisible = 0;
			defaultConfigurationName = Release;
		};
/* End XCConfigurationList section */

/* Begin XCVersionGroup section */
		94A3818225FF7B5D00679134 /* Calculator.xcdatamodeld */ = {
			isa = XCVersionGroup;
			children = (
				94A3818325FF7B5D00679134 /* Calculator.xcdatamodel */,
			);
			currentVersion = 94A3818325FF7B5D00679134 /* Calculator.xcdatamodel */;
			path = Calculator.xcdatamodeld;
			sourceTree = "<group>";
			versionGroupType = wrapper.xcdatamodel;
		};
/* End XCVersionGroup section */
	};
	rootObject = 94A3817125FF7B5D00679134 /* Project object */;
}
