// !$*UTF8*$!
{
	archiveVersion = 1;
	classes = {
	};
	objectVersion = 50;
	objects = {

/* Begin PBXBuildFile section */
		940645B825F5F9D400170773 /* AppDelegate.swift in Sources */ = {isa = PBXBuildFile; fileRef = 940645B725F5F9D400170773 /* AppDelegate.swift */; };
		940645BA25F5F9D400170773 /* SceneDelegate.swift in Sources */ = {isa = PBXBuildFile; fileRef = 940645B925F5F9D400170773 /* SceneDelegate.swift */; };
		940645BC25F5F9D400170773 /* ContentView.swift in Sources */ = {isa = PBXBuildFile; fileRef = 940645BB25F5F9D400170773 /* ContentView.swift */; };
		940645BF25F5F9D400170773 /* CoreDataToDo.xcdatamodeld in Sources */ = {isa = PBXBuildFile; fileRef = 940645BD25F5F9D400170773 /* CoreDataToDo.xcdatamodeld */; };
		940645C125F5F9D700170773 /* Assets.xcassets in Resources */ = {isa = PBXBuildFile; fileRef = 940645C025F5F9D700170773 /* Assets.xcassets */; };
		940645C425F5F9D700170773 /* Preview Assets.xcassets in Resources */ = {isa = PBXBuildFile; fileRef = 940645C325F5F9D700170773 /* Preview Assets.xcassets */; };
		940645C725F5F9D700170773 /* LaunchScreen.storyboard in Resources */ = {isa = PBXBuildFile; fileRef = 940645C525F5F9D700170773 /* LaunchScreen.storyboard */; };
		940645D225F5F9D700170773 /* CoreDataToDoTests.swift in Sources */ = {isa = PBXBuildFile; fileRef = 940645D125F5F9D700170773 /* CoreDataToDoTests.swift */; };
		940645DD25F5F9D700170773 /* CoreDataToDoUITests.swift in Sources */ = {isa = PBXBuildFile; fileRef = 940645DC25F5F9D700170773 /* CoreDataToDoUITests.swift */; };
		940645EE25F5FCCD00170773 /* ToDoItem.swift in Sources */ = {isa = PBXBuildFile; fileRef = 940645ED25F5FCCD00170773 /* ToDoItem.swift */; };
/* End PBXBuildFile section */

/* Begin PBXContainerItemProxy section */
		940645CE25F5F9D700170773 /* PBXContainerItemProxy */ = {
			isa = PBXContainerItemProxy;
			containerPortal = 940645AC25F5F9D400170773 /* Project object */;
			proxyType = 1;
			remoteGlobalIDString = 940645B325F5F9D400170773;
			remoteInfo = CoreDataToDo;
		};
		940645D925F5F9D700170773 /* PBXContainerItemProxy */ = {
			isa = PBXContainerItemProxy;
			containerPortal = 940645AC25F5F9D400170773 /* Project object */;
			proxyType = 1;
			remoteGlobalIDString = 940645B325F5F9D400170773;
			remoteInfo = CoreDataToDo;
		};
/* End PBXContainerItemProxy section */

/* Begin PBXFileReference section */
		940645B425F5F9D400170773 /* CoreDataToDo.app */ = {isa = PBXFileReference; explicitFileType = wrapper.application; includeInIndex = 0; path = CoreDataToDo.app; sourceTree = BUILT_PRODUCTS_DIR; };
		940645B725F5F9D400170773 /* AppDelegate.swift */ = {isa = PBXFileReference; lastKnownFileType = sourcecode.swift; path = AppDelegate.swift; sourceTree = "<group>"; };
		940645B925F5F9D400170773 /* SceneDelegate.swift */ = {isa = PBXFileReference; lastKnownFileType = sourcecode.swift; path = SceneDelegate.swift; sourceTree = "<group>"; };
		940645BB25F5F9D400170773 /* ContentView.swift */ = {isa = PBXFileReference; lastKnownFileType = sourcecode.swift; path = ContentView.swift; sourceTree = "<group>"; };
		940645BE25F5F9D400170773 /* CoreDataToDo.xcdatamodel */ = {isa = PBXFileReference; lastKnownFileType = wrapper.xcdatamodel; path = CoreDataToDo.xcdatamodel; sourceTree = "<group>"; };
		940645C025F5F9D700170773 /* Assets.xcassets */ = {isa = PBXFileReference; lastKnownFileType = folder.assetcatalog; path = Assets.xcassets; sourceTree = "<group>"; };
		940645C325F5F9D700170773 /* Preview Assets.xcassets */ = {isa = PBXFileReference; lastKnownFileType = folder.assetcatalog; path = "Preview Assets.xcassets"; sourceTree = "<group>"; };
		940645C625F5F9D700170773 /* Base */ = {isa = PBXFileReference; lastKnownFileType = file.storyboard; name = Base; path = Base.lproj/LaunchScreen.storyboard; sourceTree = "<group>"; };
		940645C825F5F9D700170773 /* Info.plist */ = {isa = PBXFileReference; lastKnownFileType = text.plist.xml; path = Info.plist; sourceTree = "<group>"; };
		940645CD25F5F9D700170773 /* CoreDataToDoTests.xctest */ = {isa = PBXFileReference; explicitFileType = wrapper.cfbundle; includeInIndex = 0; path = CoreDataToDoTests.xctest; sourceTree = BUILT_PRODUCTS_DIR; };
		940645D125F5F9D700170773 /* CoreDataToDoTests.swift */ = {isa = PBXFileReference; lastKnownFileType = sourcecode.swift; path = CoreDataToDoTests.swift; sourceTree = "<group>"; };
		940645D325F5F9D700170773 /* Info.plist */ = {isa = PBXFileReference; lastKnownFileType = text.plist.xml; path = Info.plist; sourceTree = "<group>"; };
		940645D825F5F9D700170773 /* CoreDataToDoUITests.xctest */ = {isa = PBXFileReference; explicitFileType = wrapper.cfbundle; includeInIndex = 0; path = CoreDataToDoUITests.xctest; sourceTree = BUILT_PRODUCTS_DIR; };
		940645DC25F5F9D700170773 /* CoreDataToDoUITests.swift */ = {isa = PBXFileReference; lastKnownFileType = sourcecode.swift; path = CoreDataToDoUITests.swift; sourceTree = "<group>"; };
		940645DE25F5F9D700170773 /* Info.plist */ = {isa = PBXFileReference; lastKnownFileType = text.plist.xml; path = Info.plist; sourceTree = "<group>"; };
		940645ED25F5FCCD00170773 /* ToDoItem.swift */ = {isa = PBXFileReference; lastKnownFileType = sourcecode.swift; path = ToDoItem.swift; sourceTree = "<group>"; };
/* End PBXFileReference section */

/* Begin PBXFrameworksBuildPhase section */
		940645B125F5F9D400170773 /* Frameworks */ = {
			isa = PBXFrameworksBuildPhase;
			buildActionMask = 2147483647;
			files = (
			);
			runOnlyForDeploymentPostprocessing = 0;
		};
		940645CA25F5F9D700170773 /* Frameworks */ = {
			isa = PBXFrameworksBuildPhase;
			buildActionMask = 2147483647;
			files = (
			);
			runOnlyForDeploymentPostprocessing = 0;
		};
		940645D525F5F9D700170773 /* Frameworks */ = {
			isa = PBXFrameworksBuildPhase;
			buildActionMask = 2147483647;
			files = (
			);
			runOnlyForDeploymentPostprocessing = 0;
		};
/* End PBXFrameworksBuildPhase section */

/* Begin PBXGroup section */
		940645AB25F5F9D400170773 = {
			isa = PBXGroup;
			children = (
				940645B625F5F9D400170773 /* CoreDataToDo */,
				940645D025F5F9D700170773 /* CoreDataToDoTests */,
				940645DB25F5F9D700170773 /* CoreDataToDoUITests */,
				940645B525F5F9D400170773 /* Products */,
			);
			sourceTree = "<group>";
		};
		940645B525F5F9D400170773 /* Products */ = {
			isa = PBXGroup;
			children = (
				940645B425F5F9D400170773 /* CoreDataToDo.app */,
				940645CD25F5F9D700170773 /* CoreDataToDoTests.xctest */,
				940645D825F5F9D700170773 /* CoreDataToDoUITests.xctest */,
			);
			name = Products;
			sourceTree = "<group>";
		};
		940645B625F5F9D400170773 /* CoreDataToDo */ = {
			isa = PBXGroup;
			children = (
				940645B725F5F9D400170773 /* AppDelegate.swift */,
				940645B925F5F9D400170773 /* SceneDelegate.swift */,
				940645BB25F5F9D400170773 /* ContentView.swift */,
				940645ED25F5FCCD00170773 /* ToDoItem.swift */,
				940645C025F5F9D700170773 /* Assets.xcassets */,
				940645C525F5F9D700170773 /* LaunchScreen.storyboard */,
				940645C825F5F9D700170773 /* Info.plist */,
				940645BD25F5F9D400170773 /* CoreDataToDo.xcdatamodeld */,
				940645C225F5F9D700170773 /* Preview Content */,
			);
			path = CoreDataToDo;
			sourceTree = "<group>";
		};
		940645C225F5F9D700170773 /* Preview Content */ = {
			isa = PBXGroup;
			children = (
				940645C325F5F9D700170773 /* Preview Assets.xcassets */,
			);
			path = "Preview Content";
			sourceTree = "<group>";
		};
		940645D025F5F9D700170773 /* CoreDataToDoTests */ = {
			isa = PBXGroup;
			children = (
				940645D125F5F9D700170773 /* CoreDataToDoTests.swift */,
				940645D325F5F9D700170773 /* Info.plist */,
			);
			path = CoreDataToDoTests;
			sourceTree = "<group>";
		};
		940645DB25F5F9D700170773 /* CoreDataToDoUITests */ = {
			isa = PBXGroup;
			children = (
				940645DC25F5F9D700170773 /* CoreDataToDoUITests.swift */,
				940645DE25F5F9D700170773 /* Info.plist */,
			);
			path = CoreDataToDoUITests;
			sourceTree = "<group>";
		};
/* End PBXGroup section */

/* Begin PBXNativeTarget section */
		940645B325F5F9D400170773 /* CoreDataToDo */ = {
			isa = PBXNativeTarget;
			buildConfigurationList = 940645E125F5F9D700170773 /* Build configuration list for PBXNativeTarget "CoreDataToDo" */;
			buildPhases = (
				940645B025F5F9D400170773 /* Sources */,
				940645B125F5F9D400170773 /* Frameworks */,
				940645B225F5F9D400170773 /* Resources */,
			);
			buildRules = (
			);
			dependencies = (
			);
			name = CoreDataToDo;
			productName = CoreDataToDo;
			productReference = 940645B425F5F9D400170773 /* CoreDataToDo.app */;
			productType = "com.apple.product-type.application";
		};
		940645CC25F5F9D700170773 /* CoreDataToDoTests */ = {
			isa = PBXNativeTarget;
			buildConfigurationList = 940645E425F5F9D700170773 /* Build configuration list for PBXNativeTarget "CoreDataToDoTests" */;
			buildPhases = (
				940645C925F5F9D700170773 /* Sources */,
				940645CA25F5F9D700170773 /* Frameworks */,
				940645CB25F5F9D700170773 /* Resources */,
			);
			buildRules = (
			);
			dependencies = (
				940645CF25F5F9D700170773 /* PBXTargetDependency */,
			);
			name = CoreDataToDoTests;
			productName = CoreDataToDoTests;
			productReference = 940645CD25F5F9D700170773 /* CoreDataToDoTests.xctest */;
			productType = "com.apple.product-type.bundle.unit-test";
		};
		940645D725F5F9D700170773 /* CoreDataToDoUITests */ = {
			isa = PBXNativeTarget;
			buildConfigurationList = 940645E725F5F9D700170773 /* Build configuration list for PBXNativeTarget "CoreDataToDoUITests" */;
			buildPhases = (
				940645D425F5F9D700170773 /* Sources */,
				940645D525F5F9D700170773 /* Frameworks */,
				940645D625F5F9D700170773 /* Resources */,
			);
			buildRules = (
			);
			dependencies = (
				940645DA25F5F9D700170773 /* PBXTargetDependency */,
			);
			name = CoreDataToDoUITests;
			productName = CoreDataToDoUITests;
			productReference = 940645D825F5F9D700170773 /* CoreDataToDoUITests.xctest */;
			productType = "com.apple.product-type.bundle.ui-testing";
		};
/* End PBXNativeTarget section */

/* Begin PBXProject section */
		940645AC25F5F9D400170773 /* Project object */ = {
			isa = PBXProject;
			attributes = {
				LastSwiftUpdateCheck = 1240;
				LastUpgradeCheck = 1240;
				TargetAttributes = {
					940645B325F5F9D400170773 = {
						CreatedOnToolsVersion = 12.4;
					};
					940645CC25F5F9D700170773 = {
						CreatedOnToolsVersion = 12.4;
						TestTargetID = 940645B325F5F9D400170773;
					};
					940645D725F5F9D700170773 = {
						CreatedOnToolsVersion = 12.4;
						TestTargetID = 940645B325F5F9D400170773;
					};
				};
			};
			buildConfigurationList = 940645AF25F5F9D400170773 /* Build configuration list for PBXProject "CoreDataToDo" */;
			compatibilityVersion = "Xcode 9.3";
			developmentRegion = en;
			hasScannedForEncodings = 0;
			knownRegions = (
				en,
				Base,
			);
			mainGroup = 940645AB25F5F9D400170773;
			productRefGroup = 940645B525F5F9D400170773 /* Products */;
			projectDirPath = "";
			projectRoot = "";
			targets = (
				940645B325F5F9D400170773 /* CoreDataToDo */,
				940645CC25F5F9D700170773 /* CoreDataToDoTests */,
				940645D725F5F9D700170773 /* CoreDataToDoUITests */,
			);
		};
/* End PBXProject section */

/* Begin PBXResourcesBuildPhase section */
		940645B225F5F9D400170773 /* Resources */ = {
			isa = PBXResourcesBuildPhase;
			buildActionMask = 2147483647;
			files = (
				940645C725F5F9D700170773 /* LaunchScreen.storyboard in Resources */,
				940645C425F5F9D700170773 /* Preview Assets.xcassets in Resources */,
				940645C125F5F9D700170773 /* Assets.xcassets in Resources */,
			);
			runOnlyForDeploymentPostprocessing = 0;
		};
		940645CB25F5F9D700170773 /* Resources */ = {
			isa = PBXResourcesBuildPhase;
			buildActionMask = 2147483647;
			files = (
			);
			runOnlyForDeploymentPostprocessing = 0;
		};
		940645D625F5F9D700170773 /* Resources */ = {
			isa = PBXResourcesBuildPhase;
			buildActionMask = 2147483647;
			files = (
			);
			runOnlyForDeploymentPostprocessing = 0;
		};
/* End PBXResourcesBuildPhase section */

/* Begin PBXSourcesBuildPhase section */
		940645B025F5F9D400170773 /* Sources */ = {
			isa = PBXSourcesBuildPhase;
			buildActionMask = 2147483647;
			files = (
				940645B825F5F9D400170773 /* AppDelegate.swift in Sources */,
				940645BA25F5F9D400170773 /* SceneDelegate.swift in Sources */,
				940645EE25F5FCCD00170773 /* ToDoItem.swift in Sources */,
				940645BF25F5F9D400170773 /* CoreDataToDo.xcdatamodeld in Sources */,
				940645BC25F5F9D400170773 /* ContentView.swift in Sources */,
			);
			runOnlyForDeploymentPostprocessing = 0;
		};
		940645C925F5F9D700170773 /* Sources */ = {
			isa = PBXSourcesBuildPhase;
			buildActionMask = 2147483647;
			files = (
				940645D225F5F9D700170773 /* CoreDataToDoTests.swift in Sources */,
			);
			runOnlyForDeploymentPostprocessing = 0;
		};
		940645D425F5F9D700170773 /* Sources */ = {
			isa = PBXSourcesBuildPhase;
			buildActionMask = 2147483647;
			files = (
				940645DD25F5F9D700170773 /* CoreDataToDoUITests.swift in Sources */,
			);
			runOnlyForDeploymentPostprocessing = 0;
		};
/* End PBXSourcesBuildPhase section */

/* Begin PBXTargetDependency section */
		940645CF25F5F9D700170773 /* PBXTargetDependency */ = {
			isa = PBXTargetDependency;
			target = 940645B325F5F9D400170773 /* CoreDataToDo */;
			targetProxy = 940645CE25F5F9D700170773 /* PBXContainerItemProxy */;
		};
		940645DA25F5F9D700170773 /* PBXTargetDependency */ = {
			isa = PBXTargetDependency;
			target = 940645B325F5F9D400170773 /* CoreDataToDo */;
			targetProxy = 940645D925F5F9D700170773 /* PBXContainerItemProxy */;
		};
/* End PBXTargetDependency section */

/* Begin PBXVariantGroup section */
		940645C525F5F9D700170773 /* LaunchScreen.storyboard */ = {
			isa = PBXVariantGroup;
			children = (
				940645C625F5F9D700170773 /* Base */,
			);
			name = LaunchScreen.storyboard;
			sourceTree = "<group>";
		};
/* End PBXVariantGroup section */

/* Begin XCBuildConfiguration section */
		940645DF25F5F9D700170773 /* Debug */ = {
			isa = XCBuildConfiguration;
			buildSettings = {
				ALWAYS_SEARCH_USER_PATHS = NO;
				CLANG_ANALYZER_NONNULL = YES;
				CLANG_ANALYZER_NUMBER_OBJECT_CONVERSION = YES_AGGRESSIVE;
				CLANG_CXX_LANGUAGE_STANDARD = "gnu++14";
				CLANG_CXX_LIBRARY = "libc++";
				CLANG_ENABLE_MODULES = YES;
				CLANG_ENABLE_OBJC_ARC = YES;
				CLANG_ENABLE_OBJC_WEAK = YES;
				CLANG_WARN_BLOCK_CAPTURE_AUTORELEASING = YES;
				CLANG_WARN_BOOL_CONVERSION = YES;
				CLANG_WARN_COMMA = YES;
				CLANG_WARN_CONSTANT_CONVERSION = YES;
				CLANG_WARN_DEPRECATED_OBJC_IMPLEMENTATIONS = YES;
				CLANG_WARN_DIRECT_OBJC_ISA_USAGE = YES_ERROR;
				CLANG_WARN_DOCUMENTATION_COMMENTS = YES;
				CLANG_WARN_EMPTY_BODY = YES;
				CLANG_WARN_ENUM_CONVERSION = YES;
				CLANG_WARN_INFINITE_RECURSION = YES;
				CLANG_WARN_INT_CONVERSION = YES;
				CLANG_WARN_NON_LITERAL_NULL_CONVERSION = YES;
				CLANG_WARN_OBJC_IMPLICIT_RETAIN_SELF = YES;
				CLANG_WARN_OBJC_LITERAL_CONVERSION = YES;
				CLANG_WARN_OBJC_ROOT_CLASS = YES_ERROR;
				CLANG_WARN_QUOTED_INCLUDE_IN_FRAMEWORK_HEADER = YES;
				CLANG_WARN_RANGE_LOOP_ANALYSIS = YES;
				CLANG_WARN_STRICT_PROTOTYPES = YES;
				CLANG_WARN_SUSPICIOUS_MOVE = YES;
				CLANG_WARN_UNGUARDED_AVAILABILITY = YES_AGGRESSIVE;
				CLANG_WARN_UNREACHABLE_CODE = YES;
				CLANG_WARN__DUPLICATE_METHOD_MATCH = YES;
				COPY_PHASE_STRIP = NO;
				DEBUG_INFORMATION_FORMAT = dwarf;
				ENABLE_STRICT_OBJC_MSGSEND = YES;
				ENABLE_TESTABILITY = YES;
				GCC_C_LANGUAGE_STANDARD = gnu11;
				GCC_DYNAMIC_NO_PIC = NO;
				GCC_NO_COMMON_BLOCKS = YES;
				GCC_OPTIMIZATION_LEVEL = 0;
				GCC_PREPROCESSOR_DEFINITIONS = (
					"DEBUG=1",
					"$(inherited)",
				);
				GCC_WARN_64_TO_32_BIT_CONVERSION = YES;
				GCC_WARN_ABOUT_RETURN_TYPE = YES_ERROR;
				GCC_WARN_UNDECLARED_SELECTOR = YES;
				GCC_WARN_UNINITIALIZED_AUTOS = YES_AGGRESSIVE;
				GCC_WARN_UNUSED_FUNCTION = YES;
				GCC_WARN_UNUSED_VARIABLE = YES;
				IPHONEOS_DEPLOYMENT_TARGET = 14.4;
				MTL_ENABLE_DEBUG_INFO = INCLUDE_SOURCE;
				MTL_FAST_MATH = YES;
				ONLY_ACTIVE_ARCH = YES;
				SDKROOT = iphoneos;
				SWIFT_ACTIVE_COMPILATION_CONDITIONS = DEBUG;
				SWIFT_OPTIMIZATION_LEVEL = "-Onone";
			};
			name = Debug;
		};
		940645E025F5F9D700170773 /* Release */ = {
			isa = XCBuildConfiguration;
			buildSettings = {
				ALWAYS_SEARCH_USER_PATHS = NO;
				CLANG_ANALYZER_NONNULL = YES;
				CLANG_ANALYZER_NUMBER_OBJECT_CONVERSION = YES_AGGRESSIVE;
				CLANG_CXX_LANGUAGE_STANDARD = "gnu++14";
				CLANG_CXX_LIBRARY = "libc++";
				CLANG_ENABLE_MODULES = YES;
				CLANG_ENABLE_OBJC_ARC = YES;
				CLANG_ENABLE_OBJC_WEAK = YES;
				CLANG_WARN_BLOCK_CAPTURE_AUTORELEASING = YES;
				CLANG_WARN_BOOL_CONVERSION = YES;
				CLANG_WARN_COMMA = YES;
				CLANG_WARN_CONSTANT_CONVERSION = YES;
				CLANG_WARN_DEPRECATED_OBJC_IMPLEMENTATIONS = YES;
				CLANG_WARN_DIRECT_OBJC_ISA_USAGE = YES_ERROR;
				CLANG_WARN_DOCUMENTATION_COMMENTS = YES;
				CLANG_WARN_EMPTY_BODY = YES;
				CLANG_WARN_ENUM_CONVERSION = YES;
				CLANG_WARN_INFINITE_RECURSION = YES;
				CLANG_WARN_INT_CONVERSION = YES;
				CLANG_WARN_NON_LITERAL_NULL_CONVERSION = YES;
				CLANG_WARN_OBJC_IMPLICIT_RETAIN_SELF = YES;
				CLANG_WARN_OBJC_LITERAL_CONVERSION = YES;
				CLANG_WARN_OBJC_ROOT_CLASS = YES_ERROR;
				CLANG_WARN_QUOTED_INCLUDE_IN_FRAMEWORK_HEADER = YES;
				CLANG_WARN_RANGE_LOOP_ANALYSIS = YES;
				CLANG_WARN_STRICT_PROTOTYPES = YES;
				CLANG_WARN_SUSPICIOUS_MOVE = YES;
				CLANG_WARN_UNGUARDED_AVAILABILITY = YES_AGGRESSIVE;
				CLANG_WARN_UNREACHABLE_CODE = YES;
				CLANG_WARN__DUPLICATE_METHOD_MATCH = YES;
				COPY_PHASE_STRIP = NO;
				DEBUG_INFORMATION_FORMAT = "dwarf-with-dsym";
				ENABLE_NS_ASSERTIONS = NO;
				ENABLE_STRICT_OBJC_MSGSEND = YES;
				GCC_C_LANGUAGE_STANDARD = gnu11;
				GCC_NO_COMMON_BLOCKS = YES;
				GCC_WARN_64_TO_32_BIT_CONVERSION = YES;
				GCC_WARN_ABOUT_RETURN_TYPE = YES_ERROR;
				GCC_WARN_UNDECLARED_SELECTOR = YES;
				GCC_WARN_UNINITIALIZED_AUTOS = YES_AGGRESSIVE;
				GCC_WARN_UNUSED_FUNCTION = YES;
				GCC_WARN_UNUSED_VARIABLE = YES;
				IPHONEOS_DEPLOYMENT_TARGET = 14.4;
				MTL_ENABLE_DEBUG_INFO = NO;
				MTL_FAST_MATH = YES;
				SDKROOT = iphoneos;
				SWIFT_COMPILATION_MODE = wholemodule;
				SWIFT_OPTIMIZATION_LEVEL = "-O";
				VALIDATE_PRODUCT = YES;
			};
			name = Release;
		};
		940645E225F5F9D700170773 /* Debug */ = {
			isa = XCBuildConfiguration;
			buildSettings = {
				ASSETCATALOG_COMPILER_APPICON_NAME = AppIcon;
				ASSETCATALOG_COMPILER_GLOBAL_ACCENT_COLOR_NAME = AccentColor;
				CODE_SIGN_STYLE = Automatic;
				DEVELOPMENT_ASSET_PATHS = "\"CoreDataToDo/Preview Content\"";
				ENABLE_PREVIEWS = YES;
				INFOPLIST_FILE = CoreDataToDo/Info.plist;
				LD_RUNPATH_SEARCH_PATHS = (
					"$(inherited)",
					"@executable_path/Frameworks",
				);
				PRODUCT_BUNDLE_IDENTIFIER = "LAB-UAS.CoreDataToDo";
				PRODUCT_NAME = "$(TARGET_NAME)";
				SWIFT_VERSION = 5.0;
				TARGETED_DEVICE_FAMILY = "1,2";
			};
			name = Debug;
		};
		940645E325F5F9D700170773 /* Release */ = {
			isa = XCBuildConfiguration;
			buildSettings = {
				ASSETCATALOG_COMPILER_APPICON_NAME = AppIcon;
				ASSETCATALOG_COMPILER_GLOBAL_ACCENT_COLOR_NAME = AccentColor;
				CODE_SIGN_STYLE = Automatic;
				DEVELOPMENT_ASSET_PATHS = "\"CoreDataToDo/Preview Content\"";
				ENABLE_PREVIEWS = YES;
				INFOPLIST_FILE = CoreDataToDo/Info.plist;
				LD_RUNPATH_SEARCH_PATHS = (
					"$(inherited)",
					"@executable_path/Frameworks",
				);
				PRODUCT_BUNDLE_IDENTIFIER = "LAB-UAS.CoreDataToDo";
				PRODUCT_NAME = "$(TARGET_NAME)";
				SWIFT_VERSION = 5.0;
				TARGETED_DEVICE_FAMILY = "1,2";
			};
			name = Release;
		};
		940645E525F5F9D700170773 /* Debug */ = {
			isa = XCBuildConfiguration;
			buildSettings = {
				ALWAYS_EMBED_SWIFT_STANDARD_LIBRARIES = YES;
				BUNDLE_LOADER = "$(TEST_HOST)";
				CODE_SIGN_STYLE = Automatic;
				INFOPLIST_FILE = CoreDataToDoTests/Info.plist;
				IPHONEOS_DEPLOYMENT_TARGET = 14.4;
				LD_RUNPATH_SEARCH_PATHS = (
					"$(inherited)",
					"@executable_path/Frameworks",
					"@loader_path/Frameworks",
				);
				PRODUCT_BUNDLE_IDENTIFIER = "LAB-UAS.CoreDataToDoTests";
				PRODUCT_NAME = "$(TARGET_NAME)";
				SWIFT_VERSION = 5.0;
				TARGETED_DEVICE_FAMILY = "1,2";
				TEST_HOST = "$(BUILT_PRODUCTS_DIR)/CoreDataToDo.app/CoreDataToDo";
			};
			name = Debug;
		};
		940645E625F5F9D700170773 /* Release */ = {
			isa = XCBuildConfiguration;
			buildSettings = {
				ALWAYS_EMBED_SWIFT_STANDARD_LIBRARIES = YES;
				BUNDLE_LOADER = "$(TEST_HOST)";
				CODE_SIGN_STYLE = Automatic;
				INFOPLIST_FILE = CoreDataToDoTests/Info.plist;
				IPHONEOS_DEPLOYMENT_TARGET = 14.4;
				LD_RUNPATH_SEARCH_PATHS = (
					"$(inherited)",
					"@executable_path/Frameworks",
					"@loader_path/Frameworks",
				);
				PRODUCT_BUNDLE_IDENTIFIER = "LAB-UAS.CoreDataToDoTests";
				PRODUCT_NAME = "$(TARGET_NAME)";
				SWIFT_VERSION = 5.0;
				TARGETED_DEVICE_FAMILY = "1,2";
				TEST_HOST = "$(BUILT_PRODUCTS_DIR)/CoreDataToDo.app/CoreDataToDo";
			};
			name = Release;
		};
		940645E825F5F9D700170773 /* Debug */ = {
			isa = XCBuildConfiguration;
			buildSettings = {
				ALWAYS_EMBED_SWIFT_STANDARD_LIBRARIES = YES;
				CODE_SIGN_STYLE = Automatic;
				INFOPLIST_FILE = CoreDataToDoUITests/Info.plist;
				LD_RUNPATH_SEARCH_PATHS = (
					"$(inherited)",
					"@executable_path/Frameworks",
					"@loader_path/Frameworks",
				);
				PRODUCT_BUNDLE_IDENTIFIER = "LAB-UAS.CoreDataToDoUITests";
				PRODUCT_NAME = "$(TARGET_NAME)";
				SWIFT_VERSION = 5.0;
				TARGETED_DEVICE_FAMILY = "1,2";
				TEST_TARGET_NAME = CoreDataToDo;
			};
			name = Debug;
		};
		940645E925F5F9D700170773 /* Release */ = {
			isa = XCBuildConfiguration;
			buildSettings = {
				ALWAYS_EMBED_SWIFT_STANDARD_LIBRARIES = YES;
				CODE_SIGN_STYLE = Automatic;
				INFOPLIST_FILE = CoreDataToDoUITests/Info.plist;
				LD_RUNPATH_SEARCH_PATHS = (
					"$(inherited)",
					"@executable_path/Frameworks",
					"@loader_path/Frameworks",
				);
				PRODUCT_BUNDLE_IDENTIFIER = "LAB-UAS.CoreDataToDoUITests";
				PRODUCT_NAME = "$(TARGET_NAME)";
				SWIFT_VERSION = 5.0;
				TARGETED_DEVICE_FAMILY = "1,2";
				TEST_TARGET_NAME = CoreDataToDo;
			};
			name = Release;
		};
/* End XCBuildConfiguration section */

/* Begin XCConfigurationList section */
		940645AF25F5F9D400170773 /* Build configuration list for PBXProject "CoreDataToDo" */ = {
			isa = XCConfigurationList;
			buildConfigurations = (
				940645DF25F5F9D700170773 /* Debug */,
				940645E025F5F9D700170773 /* Release */,
			);
			defaultConfigurationIsVisible = 0;
			defaultConfigurationName = Release;
		};
		940645E125F5F9D700170773 /* Build configuration list for PBXNativeTarget "CoreDataToDo" */ = {
			isa = XCConfigurationList;
			buildConfigurations = (
				940645E225F5F9D700170773 /* Debug */,
				940645E325F5F9D700170773 /* Release */,
			);
			defaultConfigurationIsVisible = 0;
			defaultConfigurationName = Release;
		};
		940645E425F5F9D700170773 /* Build configuration list for PBXNativeTarget "CoreDataToDoTests" */ = {
			isa = XCConfigurationList;
			buildConfigurations = (
				940645E525F5F9D700170773 /* Debug */,
				940645E625F5F9D700170773 /* Release */,
			);
			defaultConfigurationIsVisible = 0;
			defaultConfigurationName = Release;
		};
		940645E725F5F9D700170773 /* Build configuration list for PBXNativeTarget "CoreDataToDoUITests" */ = {
			isa = XCConfigurationList;
			buildConfigurations = (
				940645E825F5F9D700170773 /* Debug */,
				940645E925F5F9D700170773 /* Release */,
			);
			defaultConfigurationIsVisible = 0;
			defaultConfigurationName = Release;
		};
/* End XCConfigurationList section */

/* Begin XCVersionGroup section */
		940645BD25F5F9D400170773 /* CoreDataToDo.xcdatamodeld */ = {
			isa = XCVersionGroup;
			children = (
				940645BE25F5F9D400170773 /* CoreDataToDo.xcdatamodel */,
			);
			currentVersion = 940645BE25F5F9D400170773 /* CoreDataToDo.xcdatamodel */;
			path = CoreDataToDo.xcdatamodeld;
			sourceTree = "<group>";
			versionGroupType = wrapper.xcdatamodel;
		};
/* End XCVersionGroup section */
	};
	rootObject = 940645AC25F5F9D400170773 /* Project object */;
}
