// !$*UTF8*$!
{
	archiveVersion = 1;
	classes = {
	};
	objectVersion = 50;
	objects = {

/* Begin PBXBuildFile section */
		9414669325C7DC9F000F3337 /* NetworkManagerProtocol.swift in Sources */ = {isa = PBXBuildFile; fileRef = 9414669225C7DC9F000F3337 /* NetworkManagerProtocol.swift */; };
		9414669D25C7DD6C000F3337 /* WeatherNetworkManager.swift in Sources */ = {isa = PBXBuildFile; fileRef = 9414669C25C7DD6C000F3337 /* WeatherNetworkManager.swift */; };
		941466A425C7EDB4000F3337 /* WeatherModel.swift in Sources */ = {isa = PBXBuildFile; fileRef = 941466A325C7EDB4000F3337 /* WeatherModel.swift */; };
		941466B725C81474000F3337 /* CurrentWeather.swift in Sources */ = {isa = PBXBuildFile; fileRef = 941466B625C81474000F3337 /* CurrentWeather.swift */; };
		941466C125C8191D000F3337 /* CurrentWeatherView.swift in Sources */ = {isa = PBXBuildFile; fileRef = 941466C025C8191D000F3337 /* CurrentWeatherView.swift */; };
		9441998625BEF0E400529E99 /* Tests_iOS.swift in Sources */ = {isa = PBXBuildFile; fileRef = 9441998525BEF0E400529E99 /* Tests_iOS.swift */; };
		9441999125BEF0E400529E99 /* Tests_macOS.swift in Sources */ = {isa = PBXBuildFile; fileRef = 9441999025BEF0E400529E99 /* Tests_macOS.swift */; };
		9441999325BEF0E400529E99 /* WeatherAppApp.swift in Sources */ = {isa = PBXBuildFile; fileRef = 9441996A25BEF0E300529E99 /* WeatherAppApp.swift */; };
		9441999425BEF0E400529E99 /* WeatherAppApp.swift in Sources */ = {isa = PBXBuildFile; fileRef = 9441996A25BEF0E300529E99 /* WeatherAppApp.swift */; };
		9441999525BEF0E400529E99 /* ContentView.swift in Sources */ = {isa = PBXBuildFile; fileRef = 9441996B25BEF0E300529E99 /* ContentView.swift */; };
		9441999625BEF0E400529E99 /* ContentView.swift in Sources */ = {isa = PBXBuildFile; fileRef = 9441996B25BEF0E300529E99 /* ContentView.swift */; };
		9441999725BEF0E400529E99 /* Assets.xcassets in Resources */ = {isa = PBXBuildFile; fileRef = 9441996C25BEF0E400529E99 /* Assets.xcassets */; };
		9441999825BEF0E400529E99 /* Assets.xcassets in Resources */ = {isa = PBXBuildFile; fileRef = 9441996C25BEF0E400529E99 /* Assets.xcassets */; };
		944199AE25BEF66900529E99 /* 1024.png in Resources */ = {isa = PBXBuildFile; fileRef = 944199AD25BEF66900529E99 /* 1024.png */; };
		944199B425BEF6C300529E99 /* dark_background.pdf in Resources */ = {isa = PBXBuildFile; fileRef = 944199B325BEF6C300529E99 /* dark_background.pdf */; };
		944199BA25BEF6D800529E99 /* light_background.pdf in Resources */ = {isa = PBXBuildFile; fileRef = 944199B925BEF6D800529E99 /* light_background.pdf */; };
/* End PBXBuildFile section */

/* Begin PBXContainerItemProxy section */
		9441998225BEF0E400529E99 /* PBXContainerItemProxy */ = {
			isa = PBXContainerItemProxy;
			containerPortal = 9441996525BEF0E300529E99 /* Project object */;
			proxyType = 1;
			remoteGlobalIDString = 9441997025BEF0E400529E99;
			remoteInfo = "WeatherApp (iOS)";
		};
		9441998D25BEF0E400529E99 /* PBXContainerItemProxy */ = {
			isa = PBXContainerItemProxy;
			containerPortal = 9441996525BEF0E300529E99 /* Project object */;
			proxyType = 1;
			remoteGlobalIDString = 9441997825BEF0E400529E99;
			remoteInfo = "WeatherApp (macOS)";
		};
/* End PBXContainerItemProxy section */

/* Begin PBXFileReference section */
		9414669225C7DC9F000F3337 /* NetworkManagerProtocol.swift */ = {isa = PBXFileReference; lastKnownFileType = sourcecode.swift; path = NetworkManagerProtocol.swift; sourceTree = "<group>"; };
		9414669C25C7DD6C000F3337 /* WeatherNetworkManager.swift */ = {isa = PBXFileReference; lastKnownFileType = sourcecode.swift; path = WeatherNetworkManager.swift; sourceTree = "<group>"; };
		941466A325C7EDB4000F3337 /* WeatherModel.swift */ = {isa = PBXFileReference; lastKnownFileType = sourcecode.swift; path = WeatherModel.swift; sourceTree = "<group>"; };
		941466B625C81474000F3337 /* CurrentWeather.swift */ = {isa = PBXFileReference; lastKnownFileType = sourcecode.swift; path = CurrentWeather.swift; sourceTree = "<group>"; };
		941466C025C8191D000F3337 /* CurrentWeatherView.swift */ = {isa = PBXFileReference; lastKnownFileType = sourcecode.swift; path = CurrentWeatherView.swift; sourceTree = "<group>"; };
		9441996A25BEF0E300529E99 /* WeatherAppApp.swift */ = {isa = PBXFileReference; lastKnownFileType = sourcecode.swift; path = WeatherAppApp.swift; sourceTree = "<group>"; };
		9441996B25BEF0E300529E99 /* ContentView.swift */ = {isa = PBXFileReference; lastKnownFileType = sourcecode.swift; path = ContentView.swift; sourceTree = "<group>"; };
		9441996C25BEF0E400529E99 /* Assets.xcassets */ = {isa = PBXFileReference; lastKnownFileType = folder.assetcatalog; path = Assets.xcassets; sourceTree = "<group>"; };
		9441997125BEF0E400529E99 /* WeatherApp.app */ = {isa = PBXFileReference; explicitFileType = wrapper.application; includeInIndex = 0; path = WeatherApp.app; sourceTree = BUILT_PRODUCTS_DIR; };
		9441997425BEF0E400529E99 /* Info.plist */ = {isa = PBXFileReference; lastKnownFileType = text.plist.xml; path = Info.plist; sourceTree = "<group>"; };
		9441997925BEF0E400529E99 /* WeatherApp.app */ = {isa = PBXFileReference; explicitFileType = wrapper.application; includeInIndex = 0; path = WeatherApp.app; sourceTree = BUILT_PRODUCTS_DIR; };
		9441997B25BEF0E400529E99 /* Info.plist */ = {isa = PBXFileReference; lastKnownFileType = text.plist.xml; path = Info.plist; sourceTree = "<group>"; };
		9441997C25BEF0E400529E99 /* macOS.entitlements */ = {isa = PBXFileReference; lastKnownFileType = text.plist.entitlements; path = macOS.entitlements; sourceTree = "<group>"; };
		9441998125BEF0E400529E99 /* Tests iOS.xctest */ = {isa = PBXFileReference; explicitFileType = wrapper.cfbundle; includeInIndex = 0; path = "Tests iOS.xctest"; sourceTree = BUILT_PRODUCTS_DIR; };
		9441998525BEF0E400529E99 /* Tests_iOS.swift */ = {isa = PBXFileReference; lastKnownFileType = sourcecode.swift; path = Tests_iOS.swift; sourceTree = "<group>"; };
		9441998725BEF0E400529E99 /* Info.plist */ = {isa = PBXFileReference; lastKnownFileType = text.plist.xml; path = Info.plist; sourceTree = "<group>"; };
		9441998C25BEF0E400529E99 /* Tests macOS.xctest */ = {isa = PBXFileReference; explicitFileType = wrapper.cfbundle; includeInIndex = 0; path = "Tests macOS.xctest"; sourceTree = BUILT_PRODUCTS_DIR; };
		9441999025BEF0E400529E99 /* Tests_macOS.swift */ = {isa = PBXFileReference; lastKnownFileType = sourcecode.swift; path = Tests_macOS.swift; sourceTree = "<group>"; };
		9441999225BEF0E400529E99 /* Info.plist */ = {isa = PBXFileReference; lastKnownFileType = text.plist.xml; path = Info.plist; sourceTree = "<group>"; };
		944199AD25BEF66900529E99 /* 1024.png */ = {isa = PBXFileReference; lastKnownFileType = image.png; path = 1024.png; sourceTree = "<group>"; };
		944199B325BEF6C300529E99 /* dark_background.pdf */ = {isa = PBXFileReference; lastKnownFileType = image.pdf; path = dark_background.pdf; sourceTree = "<group>"; };
		944199B925BEF6D800529E99 /* light_background.pdf */ = {isa = PBXFileReference; lastKnownFileType = image.pdf; path = light_background.pdf; sourceTree = "<group>"; };
/* End PBXFileReference section */

/* Begin PBXFrameworksBuildPhase section */
		9441996E25BEF0E400529E99 /* Frameworks */ = {
			isa = PBXFrameworksBuildPhase;
			buildActionMask = 2147483647;
			files = (
			);
			runOnlyForDeploymentPostprocessing = 0;
		};
		9441997625BEF0E400529E99 /* Frameworks */ = {
			isa = PBXFrameworksBuildPhase;
			buildActionMask = 2147483647;
			files = (
			);
			runOnlyForDeploymentPostprocessing = 0;
		};
		9441997E25BEF0E400529E99 /* Frameworks */ = {
			isa = PBXFrameworksBuildPhase;
			buildActionMask = 2147483647;
			files = (
			);
			runOnlyForDeploymentPostprocessing = 0;
		};
		9441998925BEF0E400529E99 /* Frameworks */ = {
			isa = PBXFrameworksBuildPhase;
			buildActionMask = 2147483647;
			files = (
			);
			runOnlyForDeploymentPostprocessing = 0;
		};
/* End PBXFrameworksBuildPhase section */

/* Begin PBXGroup section */
		9414669125C7DC0C000F3337 /* NetworkManager */ = {
			isa = PBXGroup;
			children = (
				9414669225C7DC9F000F3337 /* NetworkManagerProtocol.swift */,
				9414669C25C7DD6C000F3337 /* WeatherNetworkManager.swift */,
			);
			path = NetworkManager;
			sourceTree = "<group>";
		};
		941466A225C7ED6B000F3337 /* Model */ = {
			isa = PBXGroup;
			children = (
				941466A325C7EDB4000F3337 /* WeatherModel.swift */,
			);
			path = Model;
			sourceTree = "<group>";
		};
		941466B525C813BE000F3337 /* WeatherApp */ = {
			isa = PBXGroup;
			children = (
				9441996B25BEF0E300529E99 /* ContentView.swift */,
				941466B625C81474000F3337 /* CurrentWeather.swift */,
				941466C025C8191D000F3337 /* CurrentWeatherView.swift */,
			);
			path = WeatherApp;
			sourceTree = "<group>";
		};
		9441996425BEF0E300529E99 = {
			isa = PBXGroup;
			children = (
				9441996925BEF0E300529E99 /* Shared */,
				9441997325BEF0E400529E99 /* iOS */,
				9441997A25BEF0E400529E99 /* macOS */,
				9441998425BEF0E400529E99 /* Tests iOS */,
				9441998F25BEF0E400529E99 /* Tests macOS */,
				9441997225BEF0E400529E99 /* Products */,
			);
			sourceTree = "<group>";
		};
		9441996925BEF0E300529E99 /* Shared */ = {
			isa = PBXGroup;
			children = (
				941466B525C813BE000F3337 /* WeatherApp */,
				941466A225C7ED6B000F3337 /* Model */,
				9414669125C7DC0C000F3337 /* NetworkManager */,
				944199AB25BEF52000529E99 /* Resorces */,
				9441996A25BEF0E300529E99 /* WeatherAppApp.swift */,
				9441996C25BEF0E400529E99 /* Assets.xcassets */,
			);
			path = Shared;
			sourceTree = "<group>";
		};
		9441997225BEF0E400529E99 /* Products */ = {
			isa = PBXGroup;
			children = (
				9441997125BEF0E400529E99 /* WeatherApp.app */,
				9441997925BEF0E400529E99 /* WeatherApp.app */,
				9441998125BEF0E400529E99 /* Tests iOS.xctest */,
				9441998C25BEF0E400529E99 /* Tests macOS.xctest */,
			);
			name = Products;
			sourceTree = "<group>";
		};
		9441997325BEF0E400529E99 /* iOS */ = {
			isa = PBXGroup;
			children = (
				9441997425BEF0E400529E99 /* Info.plist */,
			);
			path = iOS;
			sourceTree = "<group>";
		};
		9441997A25BEF0E400529E99 /* macOS */ = {
			isa = PBXGroup;
			children = (
				9441997B25BEF0E400529E99 /* Info.plist */,
				9441997C25BEF0E400529E99 /* macOS.entitlements */,
			);
			path = macOS;
			sourceTree = "<group>";
		};
		9441998425BEF0E400529E99 /* Tests iOS */ = {
			isa = PBXGroup;
			children = (
				9441998525BEF0E400529E99 /* Tests_iOS.swift */,
				9441998725BEF0E400529E99 /* Info.plist */,
			);
			path = "Tests iOS";
			sourceTree = "<group>";
		};
		9441998F25BEF0E400529E99 /* Tests macOS */ = {
			isa = PBXGroup;
			children = (
				9441999025BEF0E400529E99 /* Tests_macOS.swift */,
				9441999225BEF0E400529E99 /* Info.plist */,
			);
			path = "Tests macOS";
			sourceTree = "<group>";
		};
		944199AB25BEF52000529E99 /* Resorces */ = {
			isa = PBXGroup;
			children = (
				944199AC25BEF53900529E99 /* Images */,
			);
			path = Resorces;
			sourceTree = "<group>";
		};
		944199AC25BEF53900529E99 /* Images */ = {
			isa = PBXGroup;
			children = (
				944199B925BEF6D800529E99 /* light_background.pdf */,
				944199AD25BEF66900529E99 /* 1024.png */,
				944199B325BEF6C300529E99 /* dark_background.pdf */,
			);
			path = Images;
			sourceTree = "<group>";
		};
/* End PBXGroup section */

/* Begin PBXNativeTarget section */
		9441997025BEF0E400529E99 /* WeatherApp (iOS) */ = {
			isa = PBXNativeTarget;
			buildConfigurationList = 9441999B25BEF0E400529E99 /* Build configuration list for PBXNativeTarget "WeatherApp (iOS)" */;
			buildPhases = (
				9441996D25BEF0E400529E99 /* Sources */,
				9441996E25BEF0E400529E99 /* Frameworks */,
				9441996F25BEF0E400529E99 /* Resources */,
			);
			buildRules = (
			);
			dependencies = (
			);
			name = "WeatherApp (iOS)";
			productName = "WeatherApp (iOS)";
			productReference = 9441997125BEF0E400529E99 /* WeatherApp.app */;
			productType = "com.apple.product-type.application";
		};
		9441997825BEF0E400529E99 /* WeatherApp (macOS) */ = {
			isa = PBXNativeTarget;
			buildConfigurationList = 9441999E25BEF0E400529E99 /* Build configuration list for PBXNativeTarget "WeatherApp (macOS)" */;
			buildPhases = (
				9441997525BEF0E400529E99 /* Sources */,
				9441997625BEF0E400529E99 /* Frameworks */,
				9441997725BEF0E400529E99 /* Resources */,
			);
			buildRules = (
			);
			dependencies = (
			);
			name = "WeatherApp (macOS)";
			productName = "WeatherApp (macOS)";
			productReference = 9441997925BEF0E400529E99 /* WeatherApp.app */;
			productType = "com.apple.product-type.application";
		};
		9441998025BEF0E400529E99 /* Tests iOS */ = {
			isa = PBXNativeTarget;
			buildConfigurationList = 944199A125BEF0E400529E99 /* Build configuration list for PBXNativeTarget "Tests iOS" */;
			buildPhases = (
				9441997D25BEF0E400529E99 /* Sources */,
				9441997E25BEF0E400529E99 /* Frameworks */,
				9441997F25BEF0E400529E99 /* Resources */,
			);
			buildRules = (
			);
			dependencies = (
				9441998325BEF0E400529E99 /* PBXTargetDependency */,
			);
			name = "Tests iOS";
			productName = "Tests iOS";
			productReference = 9441998125BEF0E400529E99 /* Tests iOS.xctest */;
			productType = "com.apple.product-type.bundle.ui-testing";
		};
		9441998B25BEF0E400529E99 /* Tests macOS */ = {
			isa = PBXNativeTarget;
			buildConfigurationList = 944199A425BEF0E400529E99 /* Build configuration list for PBXNativeTarget "Tests macOS" */;
			buildPhases = (
				9441998825BEF0E400529E99 /* Sources */,
				9441998925BEF0E400529E99 /* Frameworks */,
				9441998A25BEF0E400529E99 /* Resources */,
			);
			buildRules = (
			);
			dependencies = (
				9441998E25BEF0E400529E99 /* PBXTargetDependency */,
			);
			name = "Tests macOS";
			productName = "Tests macOS";
			productReference = 9441998C25BEF0E400529E99 /* Tests macOS.xctest */;
			productType = "com.apple.product-type.bundle.ui-testing";
		};
/* End PBXNativeTarget section */

/* Begin PBXProject section */
		9441996525BEF0E300529E99 /* Project object */ = {
			isa = PBXProject;
			attributes = {
				LastSwiftUpdateCheck = 1230;
				LastUpgradeCheck = 1230;
				TargetAttributes = {
					9441997025BEF0E400529E99 = {
						CreatedOnToolsVersion = 12.3;
					};
					9441997825BEF0E400529E99 = {
						CreatedOnToolsVersion = 12.3;
					};
					9441998025BEF0E400529E99 = {
						CreatedOnToolsVersion = 12.3;
						TestTargetID = 9441997025BEF0E400529E99;
					};
					9441998B25BEF0E400529E99 = {
						CreatedOnToolsVersion = 12.3;
						TestTargetID = 9441997825BEF0E400529E99;
					};
				};
			};
			buildConfigurationList = 9441996825BEF0E300529E99 /* Build configuration list for PBXProject "WeatherApp" */;
			compatibilityVersion = "Xcode 9.3";
			developmentRegion = en;
			hasScannedForEncodings = 0;
			knownRegions = (
				en,
				Base,
			);
			mainGroup = 9441996425BEF0E300529E99;
			productRefGroup = 9441997225BEF0E400529E99 /* Products */;
			projectDirPath = "";
			projectRoot = "";
			targets = (
				9441997025BEF0E400529E99 /* WeatherApp (iOS) */,
				9441997825BEF0E400529E99 /* WeatherApp (macOS) */,
				9441998025BEF0E400529E99 /* Tests iOS */,
				9441998B25BEF0E400529E99 /* Tests macOS */,
			);
		};
/* End PBXProject section */

/* Begin PBXResourcesBuildPhase section */
		9441996F25BEF0E400529E99 /* Resources */ = {
			isa = PBXResourcesBuildPhase;
			buildActionMask = 2147483647;
			files = (
				944199B425BEF6C300529E99 /* dark_background.pdf in Resources */,
				944199AE25BEF66900529E99 /* 1024.png in Resources */,
				9441999725BEF0E400529E99 /* Assets.xcassets in Resources */,
				944199BA25BEF6D800529E99 /* light_background.pdf in Resources */,
			);
			runOnlyForDeploymentPostprocessing = 0;
		};
		9441997725BEF0E400529E99 /* Resources */ = {
			isa = PBXResourcesBuildPhase;
			buildActionMask = 2147483647;
			files = (
				9441999825BEF0E400529E99 /* Assets.xcassets in Resources */,
			);
			runOnlyForDeploymentPostprocessing = 0;
		};
		9441997F25BEF0E400529E99 /* Resources */ = {
			isa = PBXResourcesBuildPhase;
			buildActionMask = 2147483647;
			files = (
			);
			runOnlyForDeploymentPostprocessing = 0;
		};
		9441998A25BEF0E400529E99 /* Resources */ = {
			isa = PBXResourcesBuildPhase;
			buildActionMask = 2147483647;
			files = (
			);
			runOnlyForDeploymentPostprocessing = 0;
		};
/* End PBXResourcesBuildPhase section */

/* Begin PBXSourcesBuildPhase section */
		9441996D25BEF0E400529E99 /* Sources */ = {
			isa = PBXSourcesBuildPhase;
			buildActionMask = 2147483647;
			files = (
				9441999525BEF0E400529E99 /* ContentView.swift in Sources */,
				9414669325C7DC9F000F3337 /* NetworkManagerProtocol.swift in Sources */,
				9441999325BEF0E400529E99 /* WeatherAppApp.swift in Sources */,
				9414669D25C7DD6C000F3337 /* WeatherNetworkManager.swift in Sources */,
				941466C125C8191D000F3337 /* CurrentWeatherView.swift in Sources */,
				941466B725C81474000F3337 /* CurrentWeather.swift in Sources */,
				941466A425C7EDB4000F3337 /* WeatherModel.swift in Sources */,
			);
			runOnlyForDeploymentPostprocessing = 0;
		};
		9441997525BEF0E400529E99 /* Sources */ = {
			isa = PBXSourcesBuildPhase;
			buildActionMask = 2147483647;
			files = (
				9441999625BEF0E400529E99 /* ContentView.swift in Sources */,
				9441999425BEF0E400529E99 /* WeatherAppApp.swift in Sources */,
			);
			runOnlyForDeploymentPostprocessing = 0;
		};
		9441997D25BEF0E400529E99 /* Sources */ = {
			isa = PBXSourcesBuildPhase;
			buildActionMask = 2147483647;
			files = (
				9441998625BEF0E400529E99 /* Tests_iOS.swift in Sources */,
			);
			runOnlyForDeploymentPostprocessing = 0;
		};
		9441998825BEF0E400529E99 /* Sources */ = {
			isa = PBXSourcesBuildPhase;
			buildActionMask = 2147483647;
			files = (
				9441999125BEF0E400529E99 /* Tests_macOS.swift in Sources */,
			);
			runOnlyForDeploymentPostprocessing = 0;
		};
/* End PBXSourcesBuildPhase section */

/* Begin PBXTargetDependency section */
		9441998325BEF0E400529E99 /* PBXTargetDependency */ = {
			isa = PBXTargetDependency;
			target = 9441997025BEF0E400529E99 /* WeatherApp (iOS) */;
			targetProxy = 9441998225BEF0E400529E99 /* PBXContainerItemProxy */;
		};
		9441998E25BEF0E400529E99 /* PBXTargetDependency */ = {
			isa = PBXTargetDependency;
			target = 9441997825BEF0E400529E99 /* WeatherApp (macOS) */;
			targetProxy = 9441998D25BEF0E400529E99 /* PBXContainerItemProxy */;
		};
/* End PBXTargetDependency section */

/* Begin XCBuildConfiguration section */
		9441999925BEF0E400529E99 /* Debug */ = {
			isa = XCBuildConfiguration;
			buildSettings = {
				ALWAYS_SEARCH_USER_PATHS = NO;
				CLANG_ANALYZER_NONNULL = YES;
				CLANG_ANALYZER_NUMBER_OBJECT_CONVERSION = YES_AGGRESSIVE;
				CLANG_CXX_LANGUAGE_STANDARD = "gnu++14";
				CLANG_CXX_LIBRARY = "libc++";
				CLANG_ENABLE_MODULES = YES;
				CLANG_ENABLE_OBJC_ARC = YES;
				CLANG_ENABLE_OBJC_WEAK = YES;
				CLANG_WARN_BLOCK_CAPTURE_AUTORELEASING = YES;
				CLANG_WARN_BOOL_CONVERSION = YES;
				CLANG_WARN_COMMA = YES;
				CLANG_WARN_CONSTANT_CONVERSION = YES;
				CLANG_WARN_DEPRECATED_OBJC_IMPLEMENTATIONS = YES;
				CLANG_WARN_DIRECT_OBJC_ISA_USAGE = YES_ERROR;
				CLANG_WARN_DOCUMENTATION_COMMENTS = YES;
				CLANG_WARN_EMPTY_BODY = YES;
				CLANG_WARN_ENUM_CONVERSION = YES;
				CLANG_WARN_INFINITE_RECURSION = YES;
				CLANG_WARN_INT_CONVERSION = YES;
				CLANG_WARN_NON_LITERAL_NULL_CONVERSION = YES;
				CLANG_WARN_OBJC_IMPLICIT_RETAIN_SELF = YES;
				CLANG_WARN_OBJC_LITERAL_CONVERSION = YES;
				CLANG_WARN_OBJC_ROOT_CLASS = YES_ERROR;
				CLANG_WARN_QUOTED_INCLUDE_IN_FRAMEWORK_HEADER = YES;
				CLANG_WARN_RANGE_LOOP_ANALYSIS = YES;
				CLANG_WARN_STRICT_PROTOTYPES = YES;
				CLANG_WARN_SUSPICIOUS_MOVE = YES;
				CLANG_WARN_UNGUARDED_AVAILABILITY = YES_AGGRESSIVE;
				CLANG_WARN_UNREACHABLE_CODE = YES;
				CLANG_WARN__DUPLICATE_METHOD_MATCH = YES;
				COPY_PHASE_STRIP = NO;
				DEBUG_INFORMATION_FORMAT = dwarf;
				ENABLE_STRICT_OBJC_MSGSEND = YES;
				ENABLE_TESTABILITY = YES;
				GCC_C_LANGUAGE_STANDARD = gnu11;
				GCC_DYNAMIC_NO_PIC = NO;
				GCC_NO_COMMON_BLOCKS = YES;
				GCC_OPTIMIZATION_LEVEL = 0;
				GCC_PREPROCESSOR_DEFINITIONS = (
					"DEBUG=1",
					"$(inherited)",
				);
				GCC_WARN_64_TO_32_BIT_CONVERSION = YES;
				GCC_WARN_ABOUT_RETURN_TYPE = YES_ERROR;
				GCC_WARN_UNDECLARED_SELECTOR = YES;
				GCC_WARN_UNINITIALIZED_AUTOS = YES_AGGRESSIVE;
				GCC_WARN_UNUSED_FUNCTION = YES;
				GCC_WARN_UNUSED_VARIABLE = YES;
				MTL_ENABLE_DEBUG_INFO = INCLUDE_SOURCE;
				MTL_FAST_MATH = YES;
				ONLY_ACTIVE_ARCH = YES;
				SWIFT_ACTIVE_COMPILATION_CONDITIONS = DEBUG;
				SWIFT_OPTIMIZATION_LEVEL = "-Onone";
			};
			name = Debug;
		};
		9441999A25BEF0E400529E99 /* Release */ = {
			isa = XCBuildConfiguration;
			buildSettings = {
				ALWAYS_SEARCH_USER_PATHS = NO;
				CLANG_ANALYZER_NONNULL = YES;
				CLANG_ANALYZER_NUMBER_OBJECT_CONVERSION = YES_AGGRESSIVE;
				CLANG_CXX_LANGUAGE_STANDARD = "gnu++14";
				CLANG_CXX_LIBRARY = "libc++";
				CLANG_ENABLE_MODULES = YES;
				CLANG_ENABLE_OBJC_ARC = YES;
				CLANG_ENABLE_OBJC_WEAK = YES;
				CLANG_WARN_BLOCK_CAPTURE_AUTORELEASING = YES;
				CLANG_WARN_BOOL_CONVERSION = YES;
				CLANG_WARN_COMMA = YES;
				CLANG_WARN_CONSTANT_CONVERSION = YES;
				CLANG_WARN_DEPRECATED_OBJC_IMPLEMENTATIONS = YES;
				CLANG_WARN_DIRECT_OBJC_ISA_USAGE = YES_ERROR;
				CLANG_WARN_DOCUMENTATION_COMMENTS = YES;
				CLANG_WARN_EMPTY_BODY = YES;
				CLANG_WARN_ENUM_CONVERSION = YES;
				CLANG_WARN_INFINITE_RECURSION = YES;
				CLANG_WARN_INT_CONVERSION = YES;
				CLANG_WARN_NON_LITERAL_NULL_CONVERSION = YES;
				CLANG_WARN_OBJC_IMPLICIT_RETAIN_SELF = YES;
				CLANG_WARN_OBJC_LITERAL_CONVERSION = YES;
				CLANG_WARN_OBJC_ROOT_CLASS = YES_ERROR;
				CLANG_WARN_QUOTED_INCLUDE_IN_FRAMEWORK_HEADER = YES;
				CLANG_WARN_RANGE_LOOP_ANALYSIS = YES;
				CLANG_WARN_STRICT_PROTOTYPES = YES;
				CLANG_WARN_SUSPICIOUS_MOVE = YES;
				CLANG_WARN_UNGUARDED_AVAILABILITY = YES_AGGRESSIVE;
				CLANG_WARN_UNREACHABLE_CODE = YES;
				CLANG_WARN__DUPLICATE_METHOD_MATCH = YES;
				COPY_PHASE_STRIP = NO;
				DEBUG_INFORMATION_FORMAT = "dwarf-with-dsym";
				ENABLE_NS_ASSERTIONS = NO;
				ENABLE_STRICT_OBJC_MSGSEND = YES;
				GCC_C_LANGUAGE_STANDARD = gnu11;
				GCC_NO_COMMON_BLOCKS = YES;
				GCC_WARN_64_TO_32_BIT_CONVERSION = YES;
				GCC_WARN_ABOUT_RETURN_TYPE = YES_ERROR;
				GCC_WARN_UNDECLARED_SELECTOR = YES;
				GCC_WARN_UNINITIALIZED_AUTOS = YES_AGGRESSIVE;
				GCC_WARN_UNUSED_FUNCTION = YES;
				GCC_WARN_UNUSED_VARIABLE = YES;
				MTL_ENABLE_DEBUG_INFO = NO;
				MTL_FAST_MATH = YES;
				SWIFT_COMPILATION_MODE = wholemodule;
				SWIFT_OPTIMIZATION_LEVEL = "-O";
			};
			name = Release;
		};
		9441999C25BEF0E400529E99 /* Debug */ = {
			isa = XCBuildConfiguration;
			buildSettings = {
				ASSETCATALOG_COMPILER_APPICON_NAME = AppIcon;
				ASSETCATALOG_COMPILER_GLOBAL_ACCENT_COLOR_NAME = AccentColor;
				CODE_SIGN_STYLE = Automatic;
				ENABLE_PREVIEWS = YES;
				INFOPLIST_FILE = iOS/Info.plist;
				IPHONEOS_DEPLOYMENT_TARGET = 14.0;
				LD_RUNPATH_SEARCH_PATHS = (
					"$(inherited)",
					"@executable_path/Frameworks",
				);
				PRODUCT_BUNDLE_IDENTIFIER = "LAB-UAS.WeatherApp";
				PRODUCT_NAME = WeatherApp;
				SDKROOT = iphoneos;
				SWIFT_VERSION = 5.0;
				TARGETED_DEVICE_FAMILY = "1,2";
			};
			name = Debug;
		};
		9441999D25BEF0E400529E99 /* Release */ = {
			isa = XCBuildConfiguration;
			buildSettings = {
				ASSETCATALOG_COMPILER_APPICON_NAME = AppIcon;
				ASSETCATALOG_COMPILER_GLOBAL_ACCENT_COLOR_NAME = AccentColor;
				CODE_SIGN_STYLE = Automatic;
				ENABLE_PREVIEWS = YES;
				INFOPLIST_FILE = iOS/Info.plist;
				IPHONEOS_DEPLOYMENT_TARGET = 14.0;
				LD_RUNPATH_SEARCH_PATHS = (
					"$(inherited)",
					"@executable_path/Frameworks",
				);
				PRODUCT_BUNDLE_IDENTIFIER = "LAB-UAS.WeatherApp";
				PRODUCT_NAME = WeatherApp;
				SDKROOT = iphoneos;
				SWIFT_VERSION = 5.0;
				TARGETED_DEVICE_FAMILY = "1,2";
				VALIDATE_PRODUCT = YES;
			};
			name = Release;
		};
		9441999F25BEF0E400529E99 /* Debug */ = {
			isa = XCBuildConfiguration;
			buildSettings = {
				ASSETCATALOG_COMPILER_APPICON_NAME = AppIcon;
				ASSETCATALOG_COMPILER_GLOBAL_ACCENT_COLOR_NAME = AccentColor;
				CODE_SIGN_ENTITLEMENTS = macOS/macOS.entitlements;
				CODE_SIGN_STYLE = Automatic;
				COMBINE_HIDPI_IMAGES = YES;
				ENABLE_PREVIEWS = YES;
				INFOPLIST_FILE = macOS/Info.plist;
				LD_RUNPATH_SEARCH_PATHS = (
					"$(inherited)",
					"@executable_path/../Frameworks",
				);
				MACOSX_DEPLOYMENT_TARGET = 11.0;
				PRODUCT_BUNDLE_IDENTIFIER = "LAB-UAS.WeatherApp";
				PRODUCT_NAME = WeatherApp;
				SDKROOT = macosx;
				SWIFT_VERSION = 5.0;
			};
			name = Debug;
		};
		944199A025BEF0E400529E99 /* Release */ = {
			isa = XCBuildConfiguration;
			buildSettings = {
				ASSETCATALOG_COMPILER_APPICON_NAME = AppIcon;
				ASSETCATALOG_COMPILER_GLOBAL_ACCENT_COLOR_NAME = AccentColor;
				CODE_SIGN_ENTITLEMENTS = macOS/macOS.entitlements;
				CODE_SIGN_STYLE = Automatic;
				COMBINE_HIDPI_IMAGES = YES;
				ENABLE_PREVIEWS = YES;
				INFOPLIST_FILE = macOS/Info.plist;
				LD_RUNPATH_SEARCH_PATHS = (
					"$(inherited)",
					"@executable_path/../Frameworks",
				);
				MACOSX_DEPLOYMENT_TARGET = 11.0;
				PRODUCT_BUNDLE_IDENTIFIER = "LAB-UAS.WeatherApp";
				PRODUCT_NAME = WeatherApp;
				SDKROOT = macosx;
				SWIFT_VERSION = 5.0;
			};
			name = Release;
		};
		944199A225BEF0E400529E99 /* Debug */ = {
			isa = XCBuildConfiguration;
			buildSettings = {
				ALWAYS_EMBED_SWIFT_STANDARD_LIBRARIES = YES;
				CODE_SIGN_STYLE = Automatic;
				INFOPLIST_FILE = "Tests iOS/Info.plist";
				IPHONEOS_DEPLOYMENT_TARGET = 14.3;
				LD_RUNPATH_SEARCH_PATHS = (
					"$(inherited)",
					"@executable_path/Frameworks",
					"@loader_path/Frameworks",
				);
				PRODUCT_BUNDLE_IDENTIFIER = "LAB-UAS.Tests-iOS";
				PRODUCT_NAME = "$(TARGET_NAME)";
				SDKROOT = iphoneos;
				SWIFT_VERSION = 5.0;
				TARGETED_DEVICE_FAMILY = "1,2";
				TEST_TARGET_NAME = "WeatherApp (iOS)";
			};
			name = Debug;
		};
		944199A325BEF0E400529E99 /* Release */ = {
			isa = XCBuildConfiguration;
			buildSettings = {
				ALWAYS_EMBED_SWIFT_STANDARD_LIBRARIES = YES;
				CODE_SIGN_STYLE = Automatic;
				INFOPLIST_FILE = "Tests iOS/Info.plist";
				IPHONEOS_DEPLOYMENT_TARGET = 14.3;
				LD_RUNPATH_SEARCH_PATHS = (
					"$(inherited)",
					"@executable_path/Frameworks",
					"@loader_path/Frameworks",
				);
				PRODUCT_BUNDLE_IDENTIFIER = "LAB-UAS.Tests-iOS";
				PRODUCT_NAME = "$(TARGET_NAME)";
				SDKROOT = iphoneos;
				SWIFT_VERSION = 5.0;
				TARGETED_DEVICE_FAMILY = "1,2";
				TEST_TARGET_NAME = "WeatherApp (iOS)";
				VALIDATE_PRODUCT = YES;
			};
			name = Release;
		};
		944199A525BEF0E400529E99 /* Debug */ = {
			isa = XCBuildConfiguration;
			buildSettings = {
				ALWAYS_EMBED_SWIFT_STANDARD_LIBRARIES = YES;
				CODE_SIGN_STYLE = Automatic;
				COMBINE_HIDPI_IMAGES = YES;
				INFOPLIST_FILE = "Tests macOS/Info.plist";
				LD_RUNPATH_SEARCH_PATHS = (
					"$(inherited)",
					"@executable_path/../Frameworks",
					"@loader_path/../Frameworks",
				);
				MACOSX_DEPLOYMENT_TARGET = 10.15;
				PRODUCT_BUNDLE_IDENTIFIER = "LAB-UAS.Tests-macOS";
				PRODUCT_NAME = "$(TARGET_NAME)";
				SDKROOT = macosx;
				SWIFT_VERSION = 5.0;
				TEST_TARGET_NAME = "WeatherApp (macOS)";
			};
			name = Debug;
		};
		944199A625BEF0E400529E99 /* Release */ = {
			isa = XCBuildConfiguration;
			buildSettings = {
				ALWAYS_EMBED_SWIFT_STANDARD_LIBRARIES = YES;
				CODE_SIGN_STYLE = Automatic;
				COMBINE_HIDPI_IMAGES = YES;
				INFOPLIST_FILE = "Tests macOS/Info.plist";
				LD_RUNPATH_SEARCH_PATHS = (
					"$(inherited)",
					"@executable_path/../Frameworks",
					"@loader_path/../Frameworks",
				);
				MACOSX_DEPLOYMENT_TARGET = 10.15;
				PRODUCT_BUNDLE_IDENTIFIER = "LAB-UAS.Tests-macOS";
				PRODUCT_NAME = "$(TARGET_NAME)";
				SDKROOT = macosx;
				SWIFT_VERSION = 5.0;
				TEST_TARGET_NAME = "WeatherApp (macOS)";
			};
			name = Release;
		};
/* End XCBuildConfiguration section */

/* Begin XCConfigurationList section */
		9441996825BEF0E300529E99 /* Build configuration list for PBXProject "WeatherApp" */ = {
			isa = XCConfigurationList;
			buildConfigurations = (
				9441999925BEF0E400529E99 /* Debug */,
				9441999A25BEF0E400529E99 /* Release */,
			);
			defaultConfigurationIsVisible = 0;
			defaultConfigurationName = Release;
		};
		9441999B25BEF0E400529E99 /* Build configuration list for PBXNativeTarget "WeatherApp (iOS)" */ = {
			isa = XCConfigurationList;
			buildConfigurations = (
				9441999C25BEF0E400529E99 /* Debug */,
				9441999D25BEF0E400529E99 /* Release */,
			);
			defaultConfigurationIsVisible = 0;
			defaultConfigurationName = Release;
		};
		9441999E25BEF0E400529E99 /* Build configuration list for PBXNativeTarget "WeatherApp (macOS)" */ = {
			isa = XCConfigurationList;
			buildConfigurations = (
				9441999F25BEF0E400529E99 /* Debug */,
				944199A025BEF0E400529E99 /* Release */,
			);
			defaultConfigurationIsVisible = 0;
			defaultConfigurationName = Release;
		};
		944199A125BEF0E400529E99 /* Build configuration list for PBXNativeTarget "Tests iOS" */ = {
			isa = XCConfigurationList;
			buildConfigurations = (
				944199A225BEF0E400529E99 /* Debug */,
				944199A325BEF0E400529E99 /* Release */,
			);
			defaultConfigurationIsVisible = 0;
			defaultConfigurationName = Release;
		};
		944199A425BEF0E400529E99 /* Build configuration list for PBXNativeTarget "Tests macOS" */ = {
			isa = XCConfigurationList;
			buildConfigurations = (
				944199A525BEF0E400529E99 /* Debug */,
				944199A625BEF0E400529E99 /* Release */,
			);
			defaultConfigurationIsVisible = 0;
			defaultConfigurationName = Release;
		};
/* End XCConfigurationList section */
	};
	rootObject = 9441996525BEF0E300529E99 /* Project object */;
}
